// !$*UTF8*$!
{
	archiveVersion = 1;
	classes = {
	};
	objectVersion = 55;
	objects = {

/* Begin PBXBuildFile section */
		A41CBCDA2973E53600E74CAE /* RegisterView.swift in Sources */ = {isa = PBXBuildFile; fileRef = A41CBCD92973E53600E74CAE /* RegisterView.swift */; };
		A41CBCDC2973E5F200E74CAE /* RegisterViewModel.swift in Sources */ = {isa = PBXBuildFile; fileRef = A41CBCDB2973E5F200E74CAE /* RegisterViewModel.swift */; };
		A48C9EE7297FC17F00A31845 /* publisher+EventHandling.swift in Sources */ = {isa = PBXBuildFile; fileRef = A48C9EE6297FC17F00A31845 /* publisher+EventHandling.swift */; };
		A48C9EE9297FC4AE00A31845 /* extensions .swift in Sources */ = {isa = PBXBuildFile; fileRef = A48C9EE8297FC4AE00A31845 /* extensions .swift */; };
		A4C436A228E31DAF00B81AD2 /* SwiftUI_ArenaApp.swift in Sources */ = {isa = PBXBuildFile; fileRef = A4C436A128E31DAF00B81AD2 /* SwiftUI_ArenaApp.swift */; };
		A4C436A428E31DAF00B81AD2 /* ContentView.swift in Sources */ = {isa = PBXBuildFile; fileRef = A4C436A328E31DAF00B81AD2 /* ContentView.swift */; };
		A4C436A628E31DB100B81AD2 /* Assets.xcassets in Resources */ = {isa = PBXBuildFile; fileRef = A4C436A528E31DB100B81AD2 /* Assets.xcassets */; };
		A4C436A928E31DB100B81AD2 /* Preview Assets.xcassets in Resources */ = {isa = PBXBuildFile; fileRef = A4C436A828E31DB100B81AD2 /* Preview Assets.xcassets */; };
		A4C436B328E31DB100B81AD2 /* SwiftUI_ArenaTests.swift in Sources */ = {isa = PBXBuildFile; fileRef = A4C436B228E31DB100B81AD2 /* SwiftUI_ArenaTests.swift */; };
		A4C436BD28E31DB100B81AD2 /* SwiftUI_ArenaUITests.swift in Sources */ = {isa = PBXBuildFile; fileRef = A4C436BC28E31DB100B81AD2 /* SwiftUI_ArenaUITests.swift */; };
		A4C436BF28E31DB100B81AD2 /* SwiftUI_ArenaUITestsLaunchTests.swift in Sources */ = {isa = PBXBuildFile; fileRef = A4C436BE28E31DB100B81AD2 /* SwiftUI_ArenaUITestsLaunchTests.swift */; };
/* End PBXBuildFile section */

/* Begin PBXContainerItemProxy section */
		A4C436AF28E31DB100B81AD2 /* PBXContainerItemProxy */ = {
			isa = PBXContainerItemProxy;
			containerPortal = A4C4369628E31DAF00B81AD2 /* Project object */;
			proxyType = 1;
			remoteGlobalIDString = A4C4369D28E31DAF00B81AD2;
			remoteInfo = "SwiftUI Arena";
		};
		A4C436B928E31DB100B81AD2 /* PBXContainerItemProxy */ = {
			isa = PBXContainerItemProxy;
			containerPortal = A4C4369628E31DAF00B81AD2 /* Project object */;
			proxyType = 1;
			remoteGlobalIDString = A4C4369D28E31DAF00B81AD2;
			remoteInfo = "SwiftUI Arena";
		};
/* End PBXContainerItemProxy section */

/* Begin PBXFileReference section */
		A41CBCD92973E53600E74CAE /* RegisterView.swift */ = {isa = PBXFileReference; lastKnownFileType = sourcecode.swift; path = RegisterView.swift; sourceTree = "<group>"; };
		A41CBCDB2973E5F200E74CAE /* RegisterViewModel.swift */ = {isa = PBXFileReference; lastKnownFileType = sourcecode.swift; path = RegisterViewModel.swift; sourceTree = "<group>"; };
		A48C9EE6297FC17F00A31845 /* publisher+EventHandling.swift */ = {isa = PBXFileReference; lastKnownFileType = sourcecode.swift; path = "publisher+EventHandling.swift"; sourceTree = "<group>"; };
		A48C9EE8297FC4AE00A31845 /* extensions .swift */ = {isa = PBXFileReference; lastKnownFileType = sourcecode.swift; path = "extensions .swift"; sourceTree = "<group>"; };
		A4C4369E28E31DAF00B81AD2 /* SwiftUI Arena.app */ = {isa = PBXFileReference; explicitFileType = wrapper.application; includeInIndex = 0; path = "SwiftUI Arena.app"; sourceTree = BUILT_PRODUCTS_DIR; };
		A4C436A128E31DAF00B81AD2 /* SwiftUI_ArenaApp.swift */ = {isa = PBXFileReference; lastKnownFileType = sourcecode.swift; path = SwiftUI_ArenaApp.swift; sourceTree = "<group>"; };
		A4C436A328E31DAF00B81AD2 /* ContentView.swift */ = {isa = PBXFileReference; lastKnownFileType = sourcecode.swift; path = ContentView.swift; sourceTree = "<group>"; };
		A4C436A528E31DB100B81AD2 /* Assets.xcassets */ = {isa = PBXFileReference; lastKnownFileType = folder.assetcatalog; path = Assets.xcassets; sourceTree = "<group>"; };
		A4C436A828E31DB100B81AD2 /* Preview Assets.xcassets */ = {isa = PBXFileReference; lastKnownFileType = folder.assetcatalog; path = "Preview Assets.xcassets"; sourceTree = "<group>"; };
		A4C436AE28E31DB100B81AD2 /* SwiftUI ArenaTests.xctest */ = {isa = PBXFileReference; explicitFileType = wrapper.cfbundle; includeInIndex = 0; path = "SwiftUI ArenaTests.xctest"; sourceTree = BUILT_PRODUCTS_DIR; };
		A4C436B228E31DB100B81AD2 /* SwiftUI_ArenaTests.swift */ = {isa = PBXFileReference; lastKnownFileType = sourcecode.swift; path = SwiftUI_ArenaTests.swift; sourceTree = "<group>"; };
		A4C436B828E31DB100B81AD2 /* SwiftUI ArenaUITests.xctest */ = {isa = PBXFileReference; explicitFileType = wrapper.cfbundle; includeInIndex = 0; path = "SwiftUI ArenaUITests.xctest"; sourceTree = BUILT_PRODUCTS_DIR; };
		A4C436BC28E31DB100B81AD2 /* SwiftUI_ArenaUITests.swift */ = {isa = PBXFileReference; lastKnownFileType = sourcecode.swift; path = SwiftUI_ArenaUITests.swift; sourceTree = "<group>"; };
		A4C436BE28E31DB100B81AD2 /* SwiftUI_ArenaUITestsLaunchTests.swift */ = {isa = PBXFileReference; lastKnownFileType = sourcecode.swift; path = SwiftUI_ArenaUITestsLaunchTests.swift; sourceTree = "<group>"; };
/* End PBXFileReference section */

/* Begin PBXFrameworksBuildPhase section */
		A4C4369B28E31DAF00B81AD2 /* Frameworks */ = {
			isa = PBXFrameworksBuildPhase;
			buildActionMask = 2147483647;
			files = (
			);
			runOnlyForDeploymentPostprocessing = 0;
		};
		A4C436AB28E31DB100B81AD2 /* Frameworks */ = {
			isa = PBXFrameworksBuildPhase;
			buildActionMask = 2147483647;
			files = (
			);
			runOnlyForDeploymentPostprocessing = 0;
		};
		A4C436B528E31DB100B81AD2 /* Frameworks */ = {
			isa = PBXFrameworksBuildPhase;
			buildActionMask = 2147483647;
			files = (
			);
			runOnlyForDeploymentPostprocessing = 0;
		};
/* End PBXFrameworksBuildPhase section */

/* Begin PBXGroup section */
		A41CBCDD2973E61100E74CAE /* Register */ = {
			isa = PBXGroup;
			children = (
				A41CBCD92973E53600E74CAE /* RegisterView.swift */,
				A41CBCDB2973E5F200E74CAE /* RegisterViewModel.swift */,
			);
			path = Register;
			sourceTree = "<group>";
		};
		A4C4369528E31DAF00B81AD2 = {
			isa = PBXGroup;
			children = (
				A4C436A028E31DAF00B81AD2 /* SwiftUI Arena */,
				A4C436B128E31DB100B81AD2 /* SwiftUI ArenaTests */,
				A4C436BB28E31DB100B81AD2 /* SwiftUI ArenaUITests */,
				A4C4369F28E31DAF00B81AD2 /* Products */,
			);
			sourceTree = "<group>";
		};
		A4C4369F28E31DAF00B81AD2 /* Products */ = {
			isa = PBXGroup;
			children = (
				A4C4369E28E31DAF00B81AD2 /* SwiftUI Arena.app */,
				A4C436AE28E31DB100B81AD2 /* SwiftUI ArenaTests.xctest */,
				A4C436B828E31DB100B81AD2 /* SwiftUI ArenaUITests.xctest */,
			);
			name = Products;
			sourceTree = "<group>";
		};
		A4C436A028E31DAF00B81AD2 /* SwiftUI Arena */ = {
			isa = PBXGroup;
			children = (
				A41CBCDD2973E61100E74CAE /* Register */,
				A4C436A128E31DAF00B81AD2 /* SwiftUI_ArenaApp.swift */,
				A4C436A328E31DAF00B81AD2 /* ContentView.swift */,
				A4C436A528E31DB100B81AD2 /* Assets.xcassets */,
				A4C436A728E31DB100B81AD2 /* Preview Content */,
				A48C9EE6297FC17F00A31845 /* publisher+EventHandling.swift */,
				A48C9EE8297FC4AE00A31845 /* extensions .swift */,
			);
			path = "SwiftUI Arena";
			sourceTree = "<group>";
		};
		A4C436A728E31DB100B81AD2 /* Preview Content */ = {
			isa = PBXGroup;
			children = (
				A4C436A828E31DB100B81AD2 /* Preview Assets.xcassets */,
			);
			path = "Preview Content";
			sourceTree = "<group>";
		};
		A4C436B128E31DB100B81AD2 /* SwiftUI ArenaTests */ = {
			isa = PBXGroup;
			children = (
				A4C436B228E31DB100B81AD2 /* SwiftUI_ArenaTests.swift */,
			);
			path = "SwiftUI ArenaTests";
			sourceTree = "<group>";
		};
		A4C436BB28E31DB100B81AD2 /* SwiftUI ArenaUITests */ = {
			isa = PBXGroup;
			children = (
				A4C436BC28E31DB100B81AD2 /* SwiftUI_ArenaUITests.swift */,
				A4C436BE28E31DB100B81AD2 /* SwiftUI_ArenaUITestsLaunchTests.swift */,
			);
			path = "SwiftUI ArenaUITests";
			sourceTree = "<group>";
		};
/* End PBXGroup section */

/* Begin PBXNativeTarget section */
		A4C4369D28E31DAF00B81AD2 /* SwiftUI Arena */ = {
			isa = PBXNativeTarget;
			buildConfigurationList = A4C436C228E31DB100B81AD2 /* Build configuration list for PBXNativeTarget "SwiftUI Arena" */;
			buildPhases = (
				A4C4369A28E31DAF00B81AD2 /* Sources */,
				A4C4369B28E31DAF00B81AD2 /* Frameworks */,
				A4C4369C28E31DAF00B81AD2 /* Resources */,
			);
			buildRules = (
			);
			dependencies = (
			);
			name = "SwiftUI Arena";
			productName = "SwiftUI Arena";
			productReference = A4C4369E28E31DAF00B81AD2 /* SwiftUI Arena.app */;
			productType = "com.apple.product-type.application";
		};
		A4C436AD28E31DB100B81AD2 /* SwiftUI ArenaTests */ = {
			isa = PBXNativeTarget;
			buildConfigurationList = A4C436C528E31DB100B81AD2 /* Build configuration list for PBXNativeTarget "SwiftUI ArenaTests" */;
			buildPhases = (
				A4C436AA28E31DB100B81AD2 /* Sources */,
				A4C436AB28E31DB100B81AD2 /* Frameworks */,
				A4C436AC28E31DB100B81AD2 /* Resources */,
			);
			buildRules = (
			);
			dependencies = (
				A4C436B028E31DB100B81AD2 /* PBXTargetDependency */,
			);
			name = "SwiftUI ArenaTests";
			productName = "SwiftUI ArenaTests";
			productReference = A4C436AE28E31DB100B81AD2 /* SwiftUI ArenaTests.xctest */;
			productType = "com.apple.product-type.bundle.unit-test";
		};
		A4C436B728E31DB100B81AD2 /* SwiftUI ArenaUITests */ = {
			isa = PBXNativeTarget;
			buildConfigurationList = A4C436C828E31DB100B81AD2 /* Build configuration list for PBXNativeTarget "SwiftUI ArenaUITests" */;
			buildPhases = (
				A4C436B428E31DB100B81AD2 /* Sources */,
				A4C436B528E31DB100B81AD2 /* Frameworks */,
				A4C436B628E31DB100B81AD2 /* Resources */,
			);
			buildRules = (
			);
			dependencies = (
				A4C436BA28E31DB100B81AD2 /* PBXTargetDependency */,
			);
			name = "SwiftUI ArenaUITests";
			productName = "SwiftUI ArenaUITests";
			productReference = A4C436B828E31DB100B81AD2 /* SwiftUI ArenaUITests.xctest */;
			productType = "com.apple.product-type.bundle.ui-testing";
		};
/* End PBXNativeTarget section */

/* Begin PBXProject section */
		A4C4369628E31DAF00B81AD2 /* Project object */ = {
			isa = PBXProject;
			attributes = {
				BuildIndependentTargetsInParallel = 1;
				LastSwiftUpdateCheck = 1340;
				LastUpgradeCheck = 1340;
				TargetAttributes = {
					A4C4369D28E31DAF00B81AD2 = {
						CreatedOnToolsVersion = 13.4;
					};
					A4C436AD28E31DB100B81AD2 = {
						CreatedOnToolsVersion = 13.4;
						TestTargetID = A4C4369D28E31DAF00B81AD2;
					};
					A4C436B728E31DB100B81AD2 = {
						CreatedOnToolsVersion = 13.4;
						TestTargetID = A4C4369D28E31DAF00B81AD2;
					};
				};
			};
			buildConfigurationList = A4C4369928E31DAF00B81AD2 /* Build configuration list for PBXProject "SwiftUI Arena" */;
			compatibilityVersion = "Xcode 13.0";
			developmentRegion = en;
			hasScannedForEncodings = 0;
			knownRegions = (
				en,
				Base,
			);
			mainGroup = A4C4369528E31DAF00B81AD2;
			productRefGroup = A4C4369F28E31DAF00B81AD2 /* Products */;
			projectDirPath = "";
			projectRoot = "";
			targets = (
				A4C4369D28E31DAF00B81AD2 /* SwiftUI Arena */,
				A4C436AD28E31DB100B81AD2 /* SwiftUI ArenaTests */,
				A4C436B728E31DB100B81AD2 /* SwiftUI ArenaUITests */,
			);
		};
/* End PBXProject section */

/* Begin PBXResourcesBuildPhase section */
		A4C4369C28E31DAF00B81AD2 /* Resources */ = {
			isa = PBXResourcesBuildPhase;
			buildActionMask = 2147483647;
			files = (
				A4C436A928E31DB100B81AD2 /* Preview Assets.xcassets in Resources */,
				A4C436A628E31DB100B81AD2 /* Assets.xcassets in Resources */,
			);
			runOnlyForDeploymentPostprocessing = 0;
		};
		A4C436AC28E31DB100B81AD2 /* Resources */ = {
			isa = PBXResourcesBuildPhase;
			buildActionMask = 2147483647;
			files = (
			);
			runOnlyForDeploymentPostprocessing = 0;
		};
		A4C436B628E31DB100B81AD2 /* Resources */ = {
			isa = PBXResourcesBuildPhase;
			buildActionMask = 2147483647;
			files = (
			);
			runOnlyForDeploymentPostprocessing = 0;
		};
/* End PBXResourcesBuildPhase section */

/* Begin PBXSourcesBuildPhase section */
		A4C4369A28E31DAF00B81AD2 /* Sources */ = {
			isa = PBXSourcesBuildPhase;
			buildActionMask = 2147483647;
			files = (
				A41CBCDA2973E53600E74CAE /* RegisterView.swift in Sources */,
				A4C436A428E31DAF00B81AD2 /* ContentView.swift in Sources */,
				A4C436A228E31DAF00B81AD2 /* SwiftUI_ArenaApp.swift in Sources */,
				A41CBCDC2973E5F200E74CAE /* RegisterViewModel.swift in Sources */,
				A48C9EE9297FC4AE00A31845 /* extensions .swift in Sources */,
				A48C9EE7297FC17F00A31845 /* publisher+EventHandling.swift in Sources */,
			);
			runOnlyForDeploymentPostprocessing = 0;
		};
		A4C436AA28E31DB100B81AD2 /* Sources */ = {
			isa = PBXSourcesBuildPhase;
			buildActionMask = 2147483647;
			files = (
				A4C436B328E31DB100B81AD2 /* SwiftUI_ArenaTests.swift in Sources */,
			);
			runOnlyForDeploymentPostprocessing = 0;
		};
		A4C436B428E31DB100B81AD2 /* Sources */ = {
			isa = PBXSourcesBuildPhase;
			buildActionMask = 2147483647;
			files = (
				A4C436BF28E31DB100B81AD2 /* SwiftUI_ArenaUITestsLaunchTests.swift in Sources */,
				A4C436BD28E31DB100B81AD2 /* SwiftUI_ArenaUITests.swift in Sources */,
			);
			runOnlyForDeploymentPostprocessing = 0;
		};
/* End PBXSourcesBuildPhase section */

/* Begin PBXTargetDependency section */
		A4C436B028E31DB100B81AD2 /* PBXTargetDependency */ = {
			isa = PBXTargetDependency;
			target = A4C4369D28E31DAF00B81AD2 /* SwiftUI Arena */;
			targetProxy = A4C436AF28E31DB100B81AD2 /* PBXContainerItemProxy */;
		};
		A4C436BA28E31DB100B81AD2 /* PBXTargetDependency */ = {
			isa = PBXTargetDependency;
			target = A4C4369D28E31DAF00B81AD2 /* SwiftUI Arena */;
			targetProxy = A4C436B928E31DB100B81AD2 /* PBXContainerItemProxy */;
		};
/* End PBXTargetDependency section */

/* Begin XCBuildConfiguration section */
		A4C436C028E31DB100B81AD2 /* Debug */ = {
			isa = XCBuildConfiguration;
			buildSettings = {
				ALWAYS_SEARCH_USER_PATHS = NO;
				CLANG_ANALYZER_NONNULL = YES;
				CLANG_ANALYZER_NUMBER_OBJECT_CONVERSION = YES_AGGRESSIVE;
				CLANG_CXX_LANGUAGE_STANDARD = "gnu++17";
				CLANG_ENABLE_MODULES = YES;
				CLANG_ENABLE_OBJC_ARC = YES;
				CLANG_ENABLE_OBJC_WEAK = YES;
				CLANG_WARN_BLOCK_CAPTURE_AUTORELEASING = YES;
				CLANG_WARN_BOOL_CONVERSION = YES;
				CLANG_WARN_COMMA = YES;
				CLANG_WARN_CONSTANT_CONVERSION = YES;
				CLANG_WARN_DEPRECATED_OBJC_IMPLEMENTATIONS = YES;
				CLANG_WARN_DIRECT_OBJC_ISA_USAGE = YES_ERROR;
				CLANG_WARN_DOCUMENTATION_COMMENTS = YES;
				CLANG_WARN_EMPTY_BODY = YES;
				CLANG_WARN_ENUM_CONVERSION = YES;
				CLANG_WARN_INFINITE_RECURSION = YES;
				CLANG_WARN_INT_CONVERSION = YES;
				CLANG_WARN_NON_LITERAL_NULL_CONVERSION = YES;
				CLANG_WARN_OBJC_IMPLICIT_RETAIN_SELF = YES;
				CLANG_WARN_OBJC_LITERAL_CONVERSION = YES;
				CLANG_WARN_OBJC_ROOT_CLASS = YES_ERROR;
				CLANG_WARN_QUOTED_INCLUDE_IN_FRAMEWORK_HEADER = YES;
				CLANG_WARN_RANGE_LOOP_ANALYSIS = YES;
				CLANG_WARN_STRICT_PROTOTYPES = YES;
				CLANG_WARN_SUSPICIOUS_MOVE = YES;
				CLANG_WARN_UNGUARDED_AVAILABILITY = YES_AGGRESSIVE;
				CLANG_WARN_UNREACHABLE_CODE = YES;
				CLANG_WARN__DUPLICATE_METHOD_MATCH = YES;
				COPY_PHASE_STRIP = NO;
				DEBUG_INFORMATION_FORMAT = dwarf;
				ENABLE_STRICT_OBJC_MSGSEND = YES;
				ENABLE_TESTABILITY = YES;
				GCC_C_LANGUAGE_STANDARD = gnu11;
				GCC_DYNAMIC_NO_PIC = NO;
				GCC_NO_COMMON_BLOCKS = YES;
				GCC_OPTIMIZATION_LEVEL = 0;
				GCC_PREPROCESSOR_DEFINITIONS = (
					"DEBUG=1",
					"$(inherited)",
				);
				GCC_WARN_64_TO_32_BIT_CONVERSION = YES;
				GCC_WARN_ABOUT_RETURN_TYPE = YES_ERROR;
				GCC_WARN_UNDECLARED_SELECTOR = YES;
				GCC_WARN_UNINITIALIZED_AUTOS = YES_AGGRESSIVE;
				GCC_WARN_UNUSED_FUNCTION = YES;
				GCC_WARN_UNUSED_VARIABLE = YES;
				IPHONEOS_DEPLOYMENT_TARGET = 15.5;
				MTL_ENABLE_DEBUG_INFO = INCLUDE_SOURCE;
				MTL_FAST_MATH = YES;
				ONLY_ACTIVE_ARCH = YES;
				SDKROOT = iphoneos;
				SWIFT_ACTIVE_COMPILATION_CONDITIONS = DEBUG;
				SWIFT_OPTIMIZATION_LEVEL = "-Onone";
			};
			name = Debug;
		};
		A4C436C128E31DB100B81AD2 /* Release */ = {
			isa = XCBuildConfiguration;
			buildSettings = {
				ALWAYS_SEARCH_USER_PATHS = NO;
				CLANG_ANALYZER_NONNULL = YES;
				CLANG_ANALYZER_NUMBER_OBJECT_CONVERSION = YES_AGGRESSIVE;
				CLANG_CXX_LANGUAGE_STANDARD = "gnu++17";
				CLANG_ENABLE_MODULES = YES;
				CLANG_ENABLE_OBJC_ARC = YES;
				CLANG_ENABLE_OBJC_WEAK = YES;
				CLANG_WARN_BLOCK_CAPTURE_AUTORELEASING = YES;
				CLANG_WARN_BOOL_CONVERSION = YES;
				CLANG_WARN_COMMA = YES;
				CLANG_WARN_CONSTANT_CONVERSION = YES;
				CLANG_WARN_DEPRECATED_OBJC_IMPLEMENTATIONS = YES;
				CLANG_WARN_DIRECT_OBJC_ISA_USAGE = YES_ERROR;
				CLANG_WARN_DOCUMENTATION_COMMENTS = YES;
				CLANG_WARN_EMPTY_BODY = YES;
				CLANG_WARN_ENUM_CONVERSION = YES;
				CLANG_WARN_INFINITE_RECURSION = YES;
				CLANG_WARN_INT_CONVERSION = YES;
				CLANG_WARN_NON_LITERAL_NULL_CONVERSION = YES;
				CLANG_WARN_OBJC_IMPLICIT_RETAIN_SELF = YES;
				CLANG_WARN_OBJC_LITERAL_CONVERSION = YES;
				CLANG_WARN_OBJC_ROOT_CLASS = YES_ERROR;
				CLANG_WARN_QUOTED_INCLUDE_IN_FRAMEWORK_HEADER = YES;
				CLANG_WARN_RANGE_LOOP_ANALYSIS = YES;
				CLANG_WARN_STRICT_PROTOTYPES = YES;
				CLANG_WARN_SUSPICIOUS_MOVE = YES;
				CLANG_WARN_UNGUARDED_AVAILABILITY = YES_AGGRESSIVE;
				CLANG_WARN_UNREACHABLE_CODE = YES;
				CLANG_WARN__DUPLICATE_METHOD_MATCH = YES;
				COPY_PHASE_STRIP = NO;
				DEBUG_INFORMATION_FORMAT = "dwarf-with-dsym";
				ENABLE_NS_ASSERTIONS = NO;
				ENABLE_STRICT_OBJC_MSGSEND = YES;
				GCC_C_LANGUAGE_STANDARD = gnu11;
				GCC_NO_COMMON_BLOCKS = YES;
				GCC_WARN_64_TO_32_BIT_CONVERSION = YES;
				GCC_WARN_ABOUT_RETURN_TYPE = YES_ERROR;
				GCC_WARN_UNDECLARED_SELECTOR = YES;
				GCC_WARN_UNINITIALIZED_AUTOS = YES_AGGRESSIVE;
				GCC_WARN_UNUSED_FUNCTION = YES;
				GCC_WARN_UNUSED_VARIABLE = YES;
				IPHONEOS_DEPLOYMENT_TARGET = 15.5;
				MTL_ENABLE_DEBUG_INFO = NO;
				MTL_FAST_MATH = YES;
				SDKROOT = iphoneos;
				SWIFT_COMPILATION_MODE = wholemodule;
				SWIFT_OPTIMIZATION_LEVEL = "-O";
				VALIDATE_PRODUCT = YES;
			};
			name = Release;
		};
		A4C436C328E31DB100B81AD2 /* Debug */ = {
			isa = XCBuildConfiguration;
			buildSettings = {
				ASSETCATALOG_COMPILER_APPICON_NAME = AppIcon;
				ASSETCATALOG_COMPILER_GLOBAL_ACCENT_COLOR_NAME = AccentColor;
				CODE_SIGN_STYLE = Automatic;
				CURRENT_PROJECT_VERSION = 1;
				DEVELOPMENT_ASSET_PATHS = "\"SwiftUI Arena/Preview Content\"";
				DEVELOPMENT_TEAM = Y7QVJK56J6;
				ENABLE_PREVIEWS = YES;
				GENERATE_INFOPLIST_FILE = YES;
				INFOPLIST_KEY_UIApplicationSceneManifest_Generation = YES;
				INFOPLIST_KEY_UIApplicationSupportsIndirectInputEvents = YES;
				INFOPLIST_KEY_UILaunchScreen_Generation = YES;
				INFOPLIST_KEY_UISupportedInterfaceOrientations_iPad = "UIInterfaceOrientationPortrait UIInterfaceOrientationPortraitUpsideDown UIInterfaceOrientationLandscapeLeft UIInterfaceOrientationLandscapeRight";
				INFOPLIST_KEY_UISupportedInterfaceOrientations_iPhone = "UIInterfaceOrientationPortrait UIInterfaceOrientationLandscapeLeft UIInterfaceOrientationLandscapeRight";
				LD_RUNPATH_SEARCH_PATHS = (
					"$(inherited)",
					"@executable_path/Frameworks",
				);
				MARKETING_VERSION = 1.0;
				PRODUCT_BUNDLE_IDENTIFIER = "EVA-PHARMA.SwiftUI-Arena";
				PRODUCT_NAME = "$(TARGET_NAME)";
				SWIFT_EMIT_LOC_STRINGS = YES;
				SWIFT_VERSION = 5.0;
				TARGETED_DEVICE_FAMILY = "1,2";
			};
			name = Debug;
		};
		A4C436C428E31DB100B81AD2 /* Release */ = {
			isa = XCBuildConfiguration;
			buildSettings = {
				ASSETCATALOG_COMPILER_APPICON_NAME = AppIcon;
				ASSETCATALOG_COMPILER_GLOBAL_ACCENT_COLOR_NAME = AccentColor;
				CODE_SIGN_STYLE = Automatic;
				CURRENT_PROJECT_VERSION = 1;
				DEVELOPMENT_ASSET_PATHS = "\"SwiftUI Arena/Preview Content\"";
				DEVELOPMENT_TEAM = Y7QVJK56J6;
				ENABLE_PREVIEWS = YES;
				GENERATE_INFOPLIST_FILE = YES;
				INFOPLIST_KEY_UIApplicationSceneManifest_Generation = YES;
				INFOPLIST_KEY_UIApplicationSupportsIndirectInputEvents = YES;
				INFOPLIST_KEY_UILaunchScreen_Generation = YES;
				INFOPLIST_KEY_UISupportedInterfaceOrientations_iPad = "UIInterfaceOrientationPortrait UIInterfaceOrientationPortraitUpsideDown UIInterfaceOrientationLandscapeLeft UIInterfaceOrientationLandscapeRight";
				INFOPLIST_KEY_UISupportedInterfaceOrientations_iPhone = "UIInterfaceOrientationPortrait UIInterfaceOrientationLandscapeLeft UIInterfaceOrientationLandscapeRight";
				LD_RUNPATH_SEARCH_PATHS = (
					"$(inherited)",
					"@executable_path/Frameworks",
				);
				MARKETING_VERSION = 1.0;
				PRODUCT_BUNDLE_IDENTIFIER = "EVA-PHARMA.SwiftUI-Arena";
				PRODUCT_NAME = "$(TARGET_NAME)";
				SWIFT_EMIT_LOC_STRINGS = YES;
				SWIFT_VERSION = 5.0;
				TARGETED_DEVICE_FAMILY = "1,2";
			};
			name = Release;
		};
		A4C436C628E31DB100B81AD2 /* Debug */ = {
			isa = XCBuildConfiguration;
			buildSettings = {
				ALWAYS_EMBED_SWIFT_STANDARD_LIBRARIES = YES;
				BUNDLE_LOADER = "$(TEST_HOST)";
				CODE_SIGN_STYLE = Automatic;
				CURRENT_PROJECT_VERSION = 1;
				DEVELOPMENT_TEAM = Y7QVJK56J6;
				GENERATE_INFOPLIST_FILE = YES;
				IPHONEOS_DEPLOYMENT_TARGET = 15.5;
				MARKETING_VERSION = 1.0;
				PRODUCT_BUNDLE_IDENTIFIER = "EVA-PHARMA.SwiftUI-ArenaTests";
				PRODUCT_NAME = "$(TARGET_NAME)";
				SWIFT_EMIT_LOC_STRINGS = NO;
				SWIFT_VERSION = 5.0;
				TARGETED_DEVICE_FAMILY = "1,2";
				TEST_HOST = "$(BUILT_PRODUCTS_DIR)/SwiftUI Arena.app/SwiftUI Arena";
			};
			name = Debug;
		};
		A4C436C728E31DB100B81AD2 /* Release */ = {
			isa = XCBuildConfiguration;
			buildSettings = {
				ALWAYS_EMBED_SWIFT_STANDARD_LIBRARIES = YES;
				BUNDLE_LOADER = "$(TEST_HOST)";
				CODE_SIGN_STYLE = Automatic;
				CURRENT_PROJECT_VERSION = 1;
				DEVELOPMENT_TEAM = Y7QVJK56J6;
				GENERATE_INFOPLIST_FILE = YES;
				IPHONEOS_DEPLOYMENT_TARGET = 15.5;
				MARKETING_VERSION = 1.0;
				PRODUCT_BUNDLE_IDENTIFIER = "EVA-PHARMA.SwiftUI-ArenaTests";
				PRODUCT_NAME = "$(TARGET_NAME)";
				SWIFT_EMIT_LOC_STRINGS = NO;
				SWIFT_VERSION = 5.0;
				TARGETED_DEVICE_FAMILY = "1,2";
				TEST_HOST = "$(BUILT_PRODUCTS_DIR)/SwiftUI Arena.app/SwiftUI Arena";
			};
			name = Release;
		};
		A4C436C928E31DB100B81AD2 /* Debug */ = {
			isa = XCBuildConfiguration;
			buildSettings = {
				ALWAYS_EMBED_SWIFT_STANDARD_LIBRARIES = YES;
				CODE_SIGN_STYLE = Automatic;
				CURRENT_PROJECT_VERSION = 1;
				DEVELOPMENT_TEAM = Y7QVJK56J6;
				GENERATE_INFOPLIST_FILE = YES;
				MARKETING_VERSION = 1.0;
				PRODUCT_BUNDLE_IDENTIFIER = "EVA-PHARMA.SwiftUI-ArenaUITests";
				PRODUCT_NAME = "$(TARGET_NAME)";
				SWIFT_EMIT_LOC_STRINGS = NO;
				SWIFT_VERSION = 5.0;
				TARGETED_DEVICE_FAMILY = "1,2";
				TEST_TARGET_NAME = "SwiftUI Arena";
			};
			name = Debug;
		};
		A4C436CA28E31DB100B81AD2 /* Release */ = {
			isa = XCBuildConfiguration;
			buildSettings = {
				ALWAYS_EMBED_SWIFT_STANDARD_LIBRARIES = YES;
				CODE_SIGN_STYLE = Automatic;
				CURRENT_PROJECT_VERSION = 1;
				DEVELOPMENT_TEAM = Y7QVJK56J6;
				GENERATE_INFOPLIST_FILE = YES;
				MARKETING_VERSION = 1.0;
				PRODUCT_BUNDLE_IDENTIFIER = "EVA-PHARMA.SwiftUI-ArenaUITests";
				PRODUCT_NAME = "$(TARGET_NAME)";
				SWIFT_EMIT_LOC_STRINGS = NO;
				SWIFT_VERSION = 5.0;
				TARGETED_DEVICE_FAMILY = "1,2";
				TEST_TARGET_NAME = "SwiftUI Arena";
			};
			name = Release;
		};
/* End XCBuildConfiguration section */

/* Begin XCConfigurationList section */
		A4C4369928E31DAF00B81AD2 /* Build configuration list for PBXProject "SwiftUI Arena" */ = {
			isa = XCConfigurationList;
			buildConfigurations = (
				A4C436C028E31DB100B81AD2 /* Debug */,
				A4C436C128E31DB100B81AD2 /* Release */,
			);
			defaultConfigurationIsVisible = 0;
			defaultConfigurationName = Release;
		};
		A4C436C228E31DB100B81AD2 /* Build configuration list for PBXNativeTarget "SwiftUI Arena" */ = {
			isa = XCConfigurationList;
			buildConfigurations = (
				A4C436C328E31DB100B81AD2 /* Debug */,
				A4C436C428E31DB100B81AD2 /* Release */,
			);
			defaultConfigurationIsVisible = 0;
			defaultConfigurationName = Release;
		};
		A4C436C528E31DB100B81AD2 /* Build configuration list for PBXNativeTarget "SwiftUI ArenaTests" */ = {
			isa = XCConfigurationList;
			buildConfigurations = (
				A4C436C628E31DB100B81AD2 /* Debug */,
				A4C436C728E31DB100B81AD2 /* Release */,
			);
			defaultConfigurationIsVisible = 0;
			defaultConfigurationName = Release;
		};
		A4C436C828E31DB100B81AD2 /* Build configuration list for PBXNativeTarget "SwiftUI ArenaUITests" */ = {
			isa = XCConfigurationList;
			buildConfigurations = (
				A4C436C928E31DB100B81AD2 /* Debug */,
				A4C436CA28E31DB100B81AD2 /* Release */,
			);
			defaultConfigurationIsVisible = 0;
			defaultConfigurationName = Release;
		};
/* End XCConfigurationList section */
	};
	rootObject = A4C4369628E31DAF00B81AD2 /* Project object */;
}
